cloud.google.com/go v0.24.0 h1:dXbX9JusOVTZ7hxXPTN2SMJzIzO/IT8kbnWlXiSrDRI=
cloud.google.com/go v0.24.0/go.mod h1:aQUYkXzVsufM+DwF1aE+0xfcU+56JwCaLick0ClmMTw=
cloud.google.com/go/compute v0.0.0-20180706224156-3a236a566c90/go.mod h1:G7mAYYxgmS0lVkHyy2hEOLQCFB0DlQFTMLWggykrydY=
cloud.google.com/go/compute/metadata v0.0.0-20180706224156-3a236a566c90/go.mod h1:G7mAYYxgmS0lVkHyy2hEOLQCFB0DlQFTMLWggykrydY=
github.com/ethereum/go-ethereum v1.8.12 h1:ADmdeIcCSEaHkPgjyiu9RhLtjjTOrz+eb/he3ndNZS8=
github.com/ethereum/go-ethereum v1.8.12/go.mod h1:PwpWDrCLZrV+tfrhqqF6kPknbISMHaJv9Ln3kPCZLwY=
github.com/ethereum/go-ethereum/common v0.0.0-20180709143459-2eedbe799f5e/go.mod h1:G7mAYYxgmS0lVkHyy2hEOLQCFB0DlQFTMLWggykrydY=
github.com/go-kit/kit v0.7.0 h1:ApufNmWF1H6/wUbAG81hZOHmqwd0zRf8mNfLjYj/064=
github.com/go-kit/kit v0.7.0/go.mod h1:xBxKIO96dXMWWy0MnWVtmwkA9/13aqxPnvrjFYMA2as=
github.com/go-kit/kit/endpoint v0.0.0-20180619214315-e2d71a06a40a/go.mod h1:G7mAYYxgmS0lVkHyy2hEOLQCFB0DlQFTMLWggykrydY=
github.com/go-logfmt/logfmt v0.3.0 h1:8HUsc87TaSWLKwrnumgC8/YconD2fJQsRJAsWaPg2ic=
github.com/go-logfmt/logfmt v0.3.0/go.mod h1:Qt1PoO58o5twSAckw1HlFXLmHsOX5/0LbT9GBnD5lWE=
github.com/go-redis/redis v0.0.0-20180629081417-5db3ab16e503 h1:j5gf9qjV7LQc1OISfumJzv7bue+QVjDUYA9Xsg22taU=
github.com/go-redis/redis v0.0.0-20180629081417-5db3ab16e503/go.mod h1:NAIEuMOZ/fxfXJIrKDQDz8wamY7mA7PouImQ2Jvg6kA=
github.com/go-stack/stack v1.7.0 h1:S04+lLfST9FvL8dl4R31wVUC/paZp/WQZbLmUgWboGw=
github.com/go-stack/stack v1.7.0/go.mod h1:v0f6uXyyMGvRgIKkXu+yp6POWl0qKG85gN/melR3HDY=
github.com/golang/protobuf v1.1.0 h1:0iH4Ffd/meGoXqF2lSAhZHt8X+cPgkfn/cb6Cce5Vpc=
github.com/golang/protobuf v1.1.0/go.mod h1:6lQm79b+lXiMfvg/cZm0SGofjICqVBUtrP5yJMmIC1U=
github.com/golang/protobuf/proto v0.0.0-20180706225418-1325a051a275/go.mod h1:G7mAYYxgmS0lVkHyy2hEOLQCFB0DlQFTMLWggykrydY=
github.com/nafcollective/fridgelethics-messages v0.0.0-20180709165602-a82160743ef3 h1:mwWFSP81m9gEDlzdIDS37bbnU1/kotDwnIVUP2ZD+hw=
github.com/nafcollective/fridgelethics-messages v0.0.0-20180709165602-a82160743ef3/go.mod h1:8zlhhyGnJlBXzjxzCxM6vjQSVVgXwxe05B058PZlzxE=
golang.org/x/net v0.0.0-20180709044923-6f138e0f6071 h1:A9kHlD7ePlLU+BAXORh0mo8A2FBfrHcZ230mWTAxdoE=
golang.org/x/net v0.0.0-20180709044923-6f138e0f6071/go.mod h1:mL1N/T3taQHkDXs73rZJwtUhF3w3ftmwwsq0BUmARs4=
golang.org/x/net/context v0.0.0-20180709044923-6f138e0f6071/go.mod h1:G7mAYYxgmS0lVkHyy2hEOLQCFB0DlQFTMLWggykrydY=
golang.org/x/oauth2 v0.0.0-20180620175406-ef147856a6dd h1:QQhib242ErYDSMitlBm8V7wYCm/1a25hV8qMadIKLPA=
golang.org/x/oauth2 v0.0.0-20180620175406-ef147856a6dd/go.mod h1:N/0e6XlmueqKjAGxoOufVs8QHGRruUQn6yWY3a++T0U=
golang.org/x/text v0.3.0 h1:g61tztE5qeGQ89tm6NTjjM9VPIm088od1l6aSorWRWg=
golang.org/x/text v0.3.0/go.mod h1:NqM8EUOU14njkJ3fqMW+pc6Ldnwhi/IjpwHt7yyuwOQ=
golang.org/x/text/secure v0.0.0-20180708171225-0605a8320ace/go.mod h1:G7mAYYxgmS0lVkHyy2hEOLQCFB0DlQFTMLWggykrydY=
golang.org/x/text/secure/bidirule v0.0.0-20180708171225-0605a8320ace/go.mod h1:G7mAYYxgmS0lVkHyy2hEOLQCFB0DlQFTMLWggykrydY=
google.golang.org/api v0.0.0-20180708001111-ac730e38c551 h1:QC01psVzF5vO+IbXteVlwi9d/uUt+CEuTX2tmli2q+c=
google.golang.org/api v0.0.0-20180708001111-ac730e38c551/go.mod h1:4mhQ8q/RsB7i+udVvVy5NUi08OU8ZlA0gRVgrF7VFY0=
google.golang.org/api/fitness v0.0.0-20180708001111-ac730e38c551/go.mod h1:G7mAYYxgmS0lVkHyy2hEOLQCFB0DlQFTMLWggykrydY=
google.golang.org/genproto v0.0.0-20180709204101-e92b11657268 h1:ZxmDkz4oA3H5lKSXr68Ziv+dzLc6g/eMFgC0dg8wNtU=
google.golang.org/genproto v0.0.0-20180709204101-e92b11657268/go.mod h1:JiN7NxoALGmiZfu7CAH4rXhgtRTLTxftemlI0sWmxmc=
google.golang.org/genproto/googleapis v0.0.0-20180709204101-e92b11657268/go.mod h1:G7mAYYxgmS0lVkHyy2hEOLQCFB0DlQFTMLWggykrydY=
google.golang.org/genproto/googleapis/rpc v0.0.0-20180709204101-e92b11657268/go.mod h1:G7mAYYxgmS0lVkHyy2hEOLQCFB0DlQFTMLWggykrydY=
google.golang.org/genproto/googleapis/rpc/status v0.0.0-20180709204101-e92b11657268/go.mod h1:G7mAYYxgmS0lVkHyy2hEOLQCFB0DlQFTMLWggykrydY=
google.golang.org/grpc v1.13.0 h1:bHIbVsCwmvbArgCJmLdgOdHFXlKqTOVjbibbS19cXHc=
google.golang.org/grpc v1.13.0/go.mod h1:yo6s7OP7yaDglbqo1J04qKzAhqBH6lvTonzMVmEdcZw=
